// !$*UTF8*$!
{
	archiveVersion = 1;
	classes = {
	};
	objectVersion = 56;
	objects = {

/* Begin PBXBuildFile section */
		784BFE102AE991F800CD8E9C /* Countdown_BearApp.swift in Sources */ = {isa = PBXBuildFile; fileRef = 784BFE0F2AE991F800CD8E9C /* Countdown_BearApp.swift */; };
		784BFE122AE991F800CD8E9C /* ContentView.swift in Sources */ = {isa = PBXBuildFile; fileRef = 784BFE112AE991F800CD8E9C /* ContentView.swift */; };
		784BFE142AE991F800CD8E9C /* Item.swift in Sources */ = {isa = PBXBuildFile; fileRef = 784BFE132AE991F800CD8E9C /* Item.swift */; };
		784BFE162AE991FA00CD8E9C /* Assets.xcassets in Resources */ = {isa = PBXBuildFile; fileRef = 784BFE152AE991FA00CD8E9C /* Assets.xcassets */; };
		784BFE1A2AE991FA00CD8E9C /* Preview Assets.xcassets in Resources */ = {isa = PBXBuildFile; fileRef = 784BFE192AE991FA00CD8E9C /* Preview Assets.xcassets */; };
		784BFE252AE991FA00CD8E9C /* Countdown_BearTests.swift in Sources */ = {isa = PBXBuildFile; fileRef = 784BFE242AE991FA00CD8E9C /* Countdown_BearTests.swift */; };
		784BFE2F2AE991FA00CD8E9C /* Countdown_BearUITests.swift in Sources */ = {isa = PBXBuildFile; fileRef = 784BFE2E2AE991FA00CD8E9C /* Countdown_BearUITests.swift */; };
		784BFE312AE991FA00CD8E9C /* Countdown_BearUITestsLaunchTests.swift in Sources */ = {isa = PBXBuildFile; fileRef = 784BFE302AE991FA00CD8E9C /* Countdown_BearUITestsLaunchTests.swift */; };
/* End PBXBuildFile section */

/* Begin PBXContainerItemProxy section */
		784BFE212AE991FA00CD8E9C /* PBXContainerItemProxy */ = {
			isa = PBXContainerItemProxy;
			containerPortal = 784BFE042AE991F800CD8E9C /* Project object */;
			proxyType = 1;
			remoteGlobalIDString = 784BFE0B2AE991F800CD8E9C;
			remoteInfo = "Countdown Bear";
		};
		784BFE2B2AE991FA00CD8E9C /* PBXContainerItemProxy */ = {
			isa = PBXContainerItemProxy;
			containerPortal = 784BFE042AE991F800CD8E9C /* Project object */;
			proxyType = 1;
			remoteGlobalIDString = 784BFE0B2AE991F800CD8E9C;
			remoteInfo = "Countdown Bear";
		};
/* End PBXContainerItemProxy section */

/* Begin PBXFileReference section */
		784BFE0C2AE991F800CD8E9C /* Countdown Bear New.app */ = {isa = PBXFileReference; explicitFileType = wrapper.application; includeInIndex = 0; path = "Countdown Bear New.app"; sourceTree = BUILT_PRODUCTS_DIR; };
		784BFE0F2AE991F800CD8E9C /* Countdown_BearApp.swift */ = {isa = PBXFileReference; lastKnownFileType = sourcecode.swift; path = Countdown_BearApp.swift; sourceTree = "<group>"; };
		784BFE112AE991F800CD8E9C /* ContentView.swift */ = {isa = PBXFileReference; lastKnownFileType = sourcecode.swift; path = ContentView.swift; sourceTree = "<group>"; };
		784BFE132AE991F800CD8E9C /* Item.swift */ = {isa = PBXFileReference; lastKnownFileType = sourcecode.swift; path = Item.swift; sourceTree = "<group>"; };
		784BFE152AE991FA00CD8E9C /* Assets.xcassets */ = {isa = PBXFileReference; lastKnownFileType = folder.assetcatalog; path = Assets.xcassets; sourceTree = "<group>"; };
		784BFE172AE991FA00CD8E9C /* Countdown_Bear_New.entitlements */ = {isa = PBXFileReference; lastKnownFileType = text.plist.entitlements; path = Countdown_Bear_New.entitlements; sourceTree = "<group>"; };
		784BFE192AE991FA00CD8E9C /* Preview Assets.xcassets */ = {isa = PBXFileReference; lastKnownFileType = folder.assetcatalog; path = "Preview Assets.xcassets"; sourceTree = "<group>"; };
		784BFE1B2AE991FA00CD8E9C /* Info.plist */ = {isa = PBXFileReference; lastKnownFileType = text.plist.xml; path = Info.plist; sourceTree = "<group>"; };
		784BFE202AE991FA00CD8E9C /* Countdown Bear NewTests.xctest */ = {isa = PBXFileReference; explicitFileType = wrapper.cfbundle; includeInIndex = 0; path = "Countdown Bear NewTests.xctest"; sourceTree = BUILT_PRODUCTS_DIR; };
		784BFE242AE991FA00CD8E9C /* Countdown_BearTests.swift */ = {isa = PBXFileReference; lastKnownFileType = sourcecode.swift; path = Countdown_BearTests.swift; sourceTree = "<group>"; };
		784BFE2A2AE991FA00CD8E9C /* Countdown Bear NewUITests.xctest */ = {isa = PBXFileReference; explicitFileType = wrapper.cfbundle; includeInIndex = 0; path = "Countdown Bear NewUITests.xctest"; sourceTree = BUILT_PRODUCTS_DIR; };
		784BFE2E2AE991FA00CD8E9C /* Countdown_BearUITests.swift */ = {isa = PBXFileReference; lastKnownFileType = sourcecode.swift; path = Countdown_BearUITests.swift; sourceTree = "<group>"; };
		784BFE302AE991FA00CD8E9C /* Countdown_BearUITestsLaunchTests.swift */ = {isa = PBXFileReference; lastKnownFileType = sourcecode.swift; path = Countdown_BearUITestsLaunchTests.swift; sourceTree = "<group>"; };
/* End PBXFileReference section */

/* Begin PBXFrameworksBuildPhase section */
		784BFE092AE991F800CD8E9C /* Frameworks */ = {
			isa = PBXFrameworksBuildPhase;
			buildActionMask = 2147483647;
			files = (
			);
			runOnlyForDeploymentPostprocessing = 0;
		};
		784BFE1D2AE991FA00CD8E9C /* Frameworks */ = {
			isa = PBXFrameworksBuildPhase;
			buildActionMask = 2147483647;
			files = (
			);
			runOnlyForDeploymentPostprocessing = 0;
		};
		784BFE272AE991FA00CD8E9C /* Frameworks */ = {
			isa = PBXFrameworksBuildPhase;
			buildActionMask = 2147483647;
			files = (
			);
			runOnlyForDeploymentPostprocessing = 0;
		};
/* End PBXFrameworksBuildPhase section */

/* Begin PBXGroup section */
		784BFE032AE991F800CD8E9C = {
			isa = PBXGroup;
			children = (
				784BFE0E2AE991F800CD8E9C /* Countdown Bear New */,
				784BFE232AE991FA00CD8E9C /* Countdown Bear NewTests */,
				784BFE2D2AE991FA00CD8E9C /* Countdown Bear NewUITests */,
				784BFE0D2AE991F800CD8E9C /* Products */,
			);
			sourceTree = "<group>";
		};
		784BFE0D2AE991F800CD8E9C /* Products */ = {
			isa = PBXGroup;
			children = (
				784BFE0C2AE991F800CD8E9C /* Countdown Bear New.app */,
				784BFE202AE991FA00CD8E9C /* Countdown Bear NewTests.xctest */,
				784BFE2A2AE991FA00CD8E9C /* Countdown Bear NewUITests.xctest */,
			);
			name = Products;
			sourceTree = "<group>";
		};
		784BFE0E2AE991F800CD8E9C /* Countdown Bear New */ = {
			isa = PBXGroup;
			children = (
				784BFE0F2AE991F800CD8E9C /* Countdown_BearApp.swift */,
				784BFE112AE991F800CD8E9C /* ContentView.swift */,
				784BFE132AE991F800CD8E9C /* Item.swift */,
				784BFE152AE991FA00CD8E9C /* Assets.xcassets */,
				784BFE172AE991FA00CD8E9C /* Countdown_Bear_New.entitlements */,
				784BFE1B2AE991FA00CD8E9C /* Info.plist */,
				784BFE182AE991FA00CD8E9C /* Preview Content */,
			);
			path = "Countdown Bear New";
			sourceTree = "<group>";
		};
		784BFE182AE991FA00CD8E9C /* Preview Content */ = {
			isa = PBXGroup;
			children = (
				784BFE192AE991FA00CD8E9C /* Preview Assets.xcassets */,
			);
			path = "Preview Content";
			sourceTree = "<group>";
		};
		784BFE232AE991FA00CD8E9C /* Countdown Bear NewTests */ = {
			isa = PBXGroup;
			children = (
				784BFE242AE991FA00CD8E9C /* Countdown_BearTests.swift */,
			);
			path = "Countdown Bear NewTests";
			sourceTree = "<group>";
		};
		784BFE2D2AE991FA00CD8E9C /* Countdown Bear NewUITests */ = {
			isa = PBXGroup;
			children = (
				784BFE2E2AE991FA00CD8E9C /* Countdown_BearUITests.swift */,
				784BFE302AE991FA00CD8E9C /* Countdown_BearUITestsLaunchTests.swift */,
			);
			path = "Countdown Bear NewUITests";
			sourceTree = "<group>";
		};
/* End PBXGroup section */

/* Begin PBXNativeTarget section */
		784BFE0B2AE991F800CD8E9C /* Countdown Bear New */ = {
			isa = PBXNativeTarget;
			buildConfigurationList = 784BFE342AE991FA00CD8E9C /* Build configuration list for PBXNativeTarget "Countdown Bear New" */;
			buildPhases = (
				784BFE082AE991F800CD8E9C /* Sources */,
				784BFE092AE991F800CD8E9C /* Frameworks */,
				784BFE0A2AE991F800CD8E9C /* Resources */,
			);
			buildRules = (
			);
			dependencies = (
			);
			name = "Countdown Bear New";
			productName = "Countdown Bear";
			productReference = 784BFE0C2AE991F800CD8E9C /* Countdown Bear New.app */;
			productType = "com.apple.product-type.application";
		};
		784BFE1F2AE991FA00CD8E9C /* Countdown Bear NewTests */ = {
			isa = PBXNativeTarget;
			buildConfigurationList = 784BFE372AE991FA00CD8E9C /* Build configuration list for PBXNativeTarget "Countdown Bear NewTests" */;
			buildPhases = (
				784BFE1C2AE991FA00CD8E9C /* Sources */,
				784BFE1D2AE991FA00CD8E9C /* Frameworks */,
				784BFE1E2AE991FA00CD8E9C /* Resources */,
			);
			buildRules = (
			);
			dependencies = (
				784BFE222AE991FA00CD8E9C /* PBXTargetDependency */,
			);
			name = "Countdown Bear NewTests";
			productName = "Countdown BearTests";
			productReference = 784BFE202AE991FA00CD8E9C /* Countdown Bear NewTests.xctest */;
			productType = "com.apple.product-type.bundle.unit-test";
		};
		784BFE292AE991FA00CD8E9C /* Countdown Bear NewUITests */ = {
			isa = PBXNativeTarget;
			buildConfigurationList = 784BFE3A2AE991FA00CD8E9C /* Build configuration list for PBXNativeTarget "Countdown Bear NewUITests" */;
			buildPhases = (
				784BFE262AE991FA00CD8E9C /* Sources */,
				784BFE272AE991FA00CD8E9C /* Frameworks */,
				784BFE282AE991FA00CD8E9C /* Resources */,
			);
			buildRules = (
			);
			dependencies = (
				784BFE2C2AE991FA00CD8E9C /* PBXTargetDependency */,
			);
			name = "Countdown Bear NewUITests";
			productName = "Countdown BearUITests";
			productReference = 784BFE2A2AE991FA00CD8E9C /* Countdown Bear NewUITests.xctest */;
			productType = "com.apple.product-type.bundle.ui-testing";
		};
/* End PBXNativeTarget section */

/* Begin PBXProject section */
		784BFE042AE991F800CD8E9C /* Project object */ = {
			isa = PBXProject;
			attributes = {
				BuildIndependentTargetsInParallel = 1;
				LastSwiftUpdateCheck = 1500;
				LastUpgradeCheck = 1500;
				TargetAttributes = {
					784BFE0B2AE991F800CD8E9C = {
						CreatedOnToolsVersion = 15.0.1;
					};
					784BFE1F2AE991FA00CD8E9C = {
						CreatedOnToolsVersion = 15.0.1;
						TestTargetID = 784BFE0B2AE991F800CD8E9C;
					};
					784BFE292AE991FA00CD8E9C = {
						CreatedOnToolsVersion = 15.0.1;
						TestTargetID = 784BFE0B2AE991F800CD8E9C;
					};
				};
			};
			buildConfigurationList = 784BFE072AE991F800CD8E9C /* Build configuration list for PBXProject "Countdown Bear New" */;
			compatibilityVersion = "Xcode 14.0";
			developmentRegion = en;
			hasScannedForEncodings = 0;
			knownRegions = (
				en,
				Base,
			);
			mainGroup = 784BFE032AE991F800CD8E9C;
			productRefGroup = 784BFE0D2AE991F800CD8E9C /* Products */;
			projectDirPath = "";
			projectRoot = "";
			targets = (
				784BFE0B2AE991F800CD8E9C /* Countdown Bear New */,
				784BFE1F2AE991FA00CD8E9C /* Countdown Bear NewTests */,
				784BFE292AE991FA00CD8E9C /* Countdown Bear NewUITests */,
			);
		};
/* End PBXProject section */

/* Begin PBXResourcesBuildPhase section */
		784BFE0A2AE991F800CD8E9C /* Resources */ = {
			isa = PBXResourcesBuildPhase;
			buildActionMask = 2147483647;
			files = (
				784BFE1A2AE991FA00CD8E9C /* Preview Assets.xcassets in Resources */,
				784BFE162AE991FA00CD8E9C /* Assets.xcassets in Resources */,
			);
			runOnlyForDeploymentPostprocessing = 0;
		};
		784BFE1E2AE991FA00CD8E9C /* Resources */ = {
			isa = PBXResourcesBuildPhase;
			buildActionMask = 2147483647;
			files = (
			);
			runOnlyForDeploymentPostprocessing = 0;
		};
		784BFE282AE991FA00CD8E9C /* Resources */ = {
			isa = PBXResourcesBuildPhase;
			buildActionMask = 2147483647;
			files = (
			);
			runOnlyForDeploymentPostprocessing = 0;
		};
/* End PBXResourcesBuildPhase section */

/* Begin PBXSourcesBuildPhase section */
		784BFE082AE991F800CD8E9C /* Sources */ = {
			isa = PBXSourcesBuildPhase;
			buildActionMask = 2147483647;
			files = (
				784BFE122AE991F800CD8E9C /* ContentView.swift in Sources */,
				784BFE142AE991F800CD8E9C /* Item.swift in Sources */,
				784BFE102AE991F800CD8E9C /* Countdown_BearApp.swift in Sources */,
			);
			runOnlyForDeploymentPostprocessing = 0;
		};
		784BFE1C2AE991FA00CD8E9C /* Sources */ = {
			isa = PBXSourcesBuildPhase;
			buildActionMask = 2147483647;
			files = (
				784BFE252AE991FA00CD8E9C /* Countdown_BearTests.swift in Sources */,
			);
			runOnlyForDeploymentPostprocessing = 0;
		};
		784BFE262AE991FA00CD8E9C /* Sources */ = {
			isa = PBXSourcesBuildPhase;
			buildActionMask = 2147483647;
			files = (
				784BFE312AE991FA00CD8E9C /* Countdown_BearUITestsLaunchTests.swift in Sources */,
				784BFE2F2AE991FA00CD8E9C /* Countdown_BearUITests.swift in Sources */,
			);
			runOnlyForDeploymentPostprocessing = 0;
		};
/* End PBXSourcesBuildPhase section */

/* Begin PBXTargetDependency section */
		784BFE222AE991FA00CD8E9C /* PBXTargetDependency */ = {
			isa = PBXTargetDependency;
			target = 784BFE0B2AE991F800CD8E9C /* Countdown Bear New */;
			targetProxy = 784BFE212AE991FA00CD8E9C /* PBXContainerItemProxy */;
		};
		784BFE2C2AE991FA00CD8E9C /* PBXTargetDependency */ = {
			isa = PBXTargetDependency;
			target = 784BFE0B2AE991F800CD8E9C /* Countdown Bear New */;
			targetProxy = 784BFE2B2AE991FA00CD8E9C /* PBXContainerItemProxy */;
		};
/* End PBXTargetDependency section */

/* Begin XCBuildConfiguration section */
		784BFE322AE991FA00CD8E9C /* Debug */ = {
			isa = XCBuildConfiguration;
			buildSettings = {
				ALWAYS_SEARCH_USER_PATHS = NO;
				ASSETCATALOG_COMPILER_GENERATE_SWIFT_ASSET_SYMBOL_EXTENSIONS = YES;
				CLANG_ANALYZER_NONNULL = YES;
				CLANG_ANALYZER_NUMBER_OBJECT_CONVERSION = YES_AGGRESSIVE;
				CLANG_CXX_LANGUAGE_STANDARD = "gnu++20";
				CLANG_ENABLE_MODULES = YES;
				CLANG_ENABLE_OBJC_ARC = YES;
				CLANG_ENABLE_OBJC_WEAK = YES;
				CLANG_WARN_BLOCK_CAPTURE_AUTORELEASING = YES;
				CLANG_WARN_BOOL_CONVERSION = YES;
				CLANG_WARN_COMMA = YES;
				CLANG_WARN_CONSTANT_CONVERSION = YES;
				CLANG_WARN_DEPRECATED_OBJC_IMPLEMENTATIONS = YES;
				CLANG_WARN_DIRECT_OBJC_ISA_USAGE = YES_ERROR;
				CLANG_WARN_DOCUMENTATION_COMMENTS = YES;
				CLANG_WARN_EMPTY_BODY = YES;
				CLANG_WARN_ENUM_CONVERSION = YES;
				CLANG_WARN_INFINITE_RECURSION = YES;
				CLANG_WARN_INT_CONVERSION = YES;
				CLANG_WARN_NON_LITERAL_NULL_CONVERSION = YES;
				CLANG_WARN_OBJC_IMPLICIT_RETAIN_SELF = YES;
				CLANG_WARN_OBJC_LITERAL_CONVERSION = YES;
				CLANG_WARN_OBJC_ROOT_CLASS = YES_ERROR;
				CLANG_WARN_QUOTED_INCLUDE_IN_FRAMEWORK_HEADER = YES;
				CLANG_WARN_RANGE_LOOP_ANALYSIS = YES;
				CLANG_WARN_STRICT_PROTOTYPES = YES;
				CLANG_WARN_SUSPICIOUS_MOVE = YES;
				CLANG_WARN_UNGUARDED_AVAILABILITY = YES_AGGRESSIVE;
				CLANG_WARN_UNREACHABLE_CODE = YES;
				CLANG_WARN__DUPLICATE_METHOD_MATCH = YES;
				COPY_PHASE_STRIP = NO;
				DEBUG_INFORMATION_FORMAT = dwarf;
				ENABLE_STRICT_OBJC_MSGSEND = YES;
				ENABLE_TESTABILITY = YES;
				ENABLE_USER_SCRIPT_SANDBOXING = YES;
				GCC_C_LANGUAGE_STANDARD = gnu17;
				GCC_DYNAMIC_NO_PIC = NO;
				GCC_NO_COMMON_BLOCKS = YES;
				GCC_OPTIMIZATION_LEVEL = 0;
				GCC_PREPROCESSOR_DEFINITIONS = (
					"DEBUG=1",
					"$(inherited)",
				);
				GCC_WARN_64_TO_32_BIT_CONVERSION = YES;
				GCC_WARN_ABOUT_RETURN_TYPE = YES_ERROR;
				GCC_WARN_UNDECLARED_SELECTOR = YES;
				GCC_WARN_UNINITIALIZED_AUTOS = YES_AGGRESSIVE;
				GCC_WARN_UNUSED_FUNCTION = YES;
				GCC_WARN_UNUSED_VARIABLE = YES;
				LOCALIZATION_PREFERS_STRING_CATALOGS = YES;
				MTL_ENABLE_DEBUG_INFO = INCLUDE_SOURCE;
				MTL_FAST_MATH = YES;
				ONLY_ACTIVE_ARCH = YES;
				SWIFT_ACTIVE_COMPILATION_CONDITIONS = "DEBUG $(inherited)";
				SWIFT_OPTIMIZATION_LEVEL = "-Onone";
			};
			name = Debug;
		};
		784BFE332AE991FA00CD8E9C /* Release */ = {
			isa = XCBuildConfiguration;
			buildSettings = {
				ALWAYS_SEARCH_USER_PATHS = NO;
				ASSETCATALOG_COMPILER_GENERATE_SWIFT_ASSET_SYMBOL_EXTENSIONS = YES;
				CLANG_ANALYZER_NONNULL = YES;
				CLANG_ANALYZER_NUMBER_OBJECT_CONVERSION = YES_AGGRESSIVE;
				CLANG_CXX_LANGUAGE_STANDARD = "gnu++20";
				CLANG_ENABLE_MODULES = YES;
				CLANG_ENABLE_OBJC_ARC = YES;
				CLANG_ENABLE_OBJC_WEAK = YES;
				CLANG_WARN_BLOCK_CAPTURE_AUTORELEASING = YES;
				CLANG_WARN_BOOL_CONVERSION = YES;
				CLANG_WARN_COMMA = YES;
				CLANG_WARN_CONSTANT_CONVERSION = YES;
				CLANG_WARN_DEPRECATED_OBJC_IMPLEMENTATIONS = YES;
				CLANG_WARN_DIRECT_OBJC_ISA_USAGE = YES_ERROR;
				CLANG_WARN_DOCUMENTATION_COMMENTS = YES;
				CLANG_WARN_EMPTY_BODY = YES;
				CLANG_WARN_ENUM_CONVERSION = YES;
				CLANG_WARN_INFINITE_RECURSION = YES;
				CLANG_WARN_INT_CONVERSION = YES;
				CLANG_WARN_NON_LITERAL_NULL_CONVERSION = YES;
				CLANG_WARN_OBJC_IMPLICIT_RETAIN_SELF = YES;
				CLANG_WARN_OBJC_LITERAL_CONVERSION = YES;
				CLANG_WARN_OBJC_ROOT_CLASS = YES_ERROR;
				CLANG_WARN_QUOTED_INCLUDE_IN_FRAMEWORK_HEADER = YES;
				CLANG_WARN_RANGE_LOOP_ANALYSIS = YES;
				CLANG_WARN_STRICT_PROTOTYPES = YES;
				CLANG_WARN_SUSPICIOUS_MOVE = YES;
				CLANG_WARN_UNGUARDED_AVAILABILITY = YES_AGGRESSIVE;
				CLANG_WARN_UNREACHABLE_CODE = YES;
				CLANG_WARN__DUPLICATE_METHOD_MATCH = YES;
				COPY_PHASE_STRIP = NO;
				DEBUG_INFORMATION_FORMAT = "dwarf-with-dsym";
				ENABLE_NS_ASSERTIONS = NO;
				ENABLE_STRICT_OBJC_MSGSEND = YES;
				ENABLE_USER_SCRIPT_SANDBOXING = YES;
				GCC_C_LANGUAGE_STANDARD = gnu17;
				GCC_NO_COMMON_BLOCKS = YES;
				GCC_WARN_64_TO_32_BIT_CONVERSION = YES;
				GCC_WARN_ABOUT_RETURN_TYPE = YES_ERROR;
				GCC_WARN_UNDECLARED_SELECTOR = YES;
				GCC_WARN_UNINITIALIZED_AUTOS = YES_AGGRESSIVE;
				GCC_WARN_UNUSED_FUNCTION = YES;
				GCC_WARN_UNUSED_VARIABLE = YES;
				LOCALIZATION_PREFERS_STRING_CATALOGS = YES;
				MTL_ENABLE_DEBUG_INFO = NO;
				MTL_FAST_MATH = YES;
				SWIFT_COMPILATION_MODE = wholemodule;
			};
			name = Release;
		};
		784BFE352AE991FA00CD8E9C /* Debug */ = {
			isa = XCBuildConfiguration;
			buildSettings = {
				ASSETCATALOG_COMPILER_APPICON_NAME = AppIcon;
				ASSETCATALOG_COMPILER_GLOBAL_ACCENT_COLOR_NAME = AccentColor;
				CODE_SIGN_ENTITLEMENTS = "Countdown Bear New/Countdown_Bear_New.entitlements";
				CODE_SIGN_STYLE = Automatic;
				CURRENT_PROJECT_VERSION = 1;
				DEVELOPMENT_ASSET_PATHS = "\"Countdown Bear New/Preview Content\"";
				DEVELOPMENT_TEAM = UJT6W9JA72;
				ENABLE_HARDENED_RUNTIME = YES;
				ENABLE_PREVIEWS = YES;
				GENERATE_INFOPLIST_FILE = YES;
				INFOPLIST_FILE = "Countdown Bear New/Info.plist";
				INFOPLIST_KEY_LSApplicationCategoryType = "public.app-category.productivity";
				"INFOPLIST_KEY_UIApplicationSceneManifest_Generation[sdk=iphoneos*]" = YES;
				"INFOPLIST_KEY_UIApplicationSceneManifest_Generation[sdk=iphonesimulator*]" = YES;
				"INFOPLIST_KEY_UIApplicationSupportsIndirectInputEvents[sdk=iphoneos*]" = YES;
				"INFOPLIST_KEY_UIApplicationSupportsIndirectInputEvents[sdk=iphonesimulator*]" = YES;
				"INFOPLIST_KEY_UILaunchScreen_Generation[sdk=iphoneos*]" = YES;
				"INFOPLIST_KEY_UILaunchScreen_Generation[sdk=iphonesimulator*]" = YES;
				"INFOPLIST_KEY_UIStatusBarStyle[sdk=iphoneos*]" = UIStatusBarStyleDefault;
				"INFOPLIST_KEY_UIStatusBarStyle[sdk=iphonesimulator*]" = UIStatusBarStyleDefault;
				INFOPLIST_KEY_UISupportedInterfaceOrientations_iPad = "UIInterfaceOrientationPortrait UIInterfaceOrientationPortraitUpsideDown UIInterfaceOrientationLandscapeLeft UIInterfaceOrientationLandscapeRight";
				INFOPLIST_KEY_UISupportedInterfaceOrientations_iPhone = "UIInterfaceOrientationPortrait UIInterfaceOrientationLandscapeLeft UIInterfaceOrientationLandscapeRight";
				IPHONEOS_DEPLOYMENT_TARGET = 17.0;
				LD_RUNPATH_SEARCH_PATHS = "@executable_path/Frameworks";
				"LD_RUNPATH_SEARCH_PATHS[sdk=macosx*]" = "@executable_path/../Frameworks";
				MACOSX_DEPLOYMENT_TARGET = 14.0;
				MARKETING_VERSION = 1.0;
				PRODUCT_BUNDLE_IDENTIFIER = "com.jillallan.Countdown-Bear-New";
				PRODUCT_NAME = "$(TARGET_NAME)";
				SDKROOT = auto;
				SUPPORTED_PLATFORMS = "iphoneos iphonesimulator macosx";
				SWIFT_EMIT_LOC_STRINGS = YES;
				SWIFT_VERSION = 5.0;
				TARGETED_DEVICE_FAMILY = "1,2";
			};
			name = Debug;
		};
		784BFE362AE991FA00CD8E9C /* Release */ = {
			isa = XCBuildConfiguration;
			buildSettings = {
				ASSETCATALOG_COMPILER_APPICON_NAME = AppIcon;
				ASSETCATALOG_COMPILER_GLOBAL_ACCENT_COLOR_NAME = AccentColor;
				CODE_SIGN_ENTITLEMENTS = "Countdown Bear New/Countdown_Bear_New.entitlements";
				CODE_SIGN_STYLE = Automatic;
				CURRENT_PROJECT_VERSION = 1;
				DEVELOPMENT_ASSET_PATHS = "\"Countdown Bear New/Preview Content\"";
				DEVELOPMENT_TEAM = UJT6W9JA72;
				ENABLE_HARDENED_RUNTIME = YES;
				ENABLE_PREVIEWS = YES;
				GENERATE_INFOPLIST_FILE = YES;
				INFOPLIST_FILE = "Countdown Bear New/Info.plist";
				INFOPLIST_KEY_LSApplicationCategoryType = "public.app-category.productivity";
				"INFOPLIST_KEY_UIApplicationSceneManifest_Generation[sdk=iphoneos*]" = YES;
				"INFOPLIST_KEY_UIApplicationSceneManifest_Generation[sdk=iphonesimulator*]" = YES;
				"INFOPLIST_KEY_UIApplicationSupportsIndirectInputEvents[sdk=iphoneos*]" = YES;
				"INFOPLIST_KEY_UIApplicationSupportsIndirectInputEvents[sdk=iphonesimulator*]" = YES;
				"INFOPLIST_KEY_UILaunchScreen_Generation[sdk=iphoneos*]" = YES;
				"INFOPLIST_KEY_UILaunchScreen_Generation[sdk=iphonesimulator*]" = YES;
				"INFOPLIST_KEY_UIStatusBarStyle[sdk=iphoneos*]" = UIStatusBarStyleDefault;
				"INFOPLIST_KEY_UIStatusBarStyle[sdk=iphonesimulator*]" = UIStatusBarStyleDefault;
				INFOPLIST_KEY_UISupportedInterfaceOrientations_iPad = "UIInterfaceOrientationPortrait UIInterfaceOrientationPortraitUpsideDown UIInterfaceOrientationLandscapeLeft UIInterfaceOrientationLandscapeRight";
				INFOPLIST_KEY_UISupportedInterfaceOrientations_iPhone = "UIInterfaceOrientationPortrait UIInterfaceOrientationLandscapeLeft UIInterfaceOrientationLandscapeRight";
				IPHONEOS_DEPLOYMENT_TARGET = 17.0;
				LD_RUNPATH_SEARCH_PATHS = "@executable_path/Frameworks";
				"LD_RUNPATH_SEARCH_PATHS[sdk=macosx*]" = "@executable_path/../Frameworks";
				MACOSX_DEPLOYMENT_TARGET = 14.0;
				MARKETING_VERSION = 1.0;
				PRODUCT_BUNDLE_IDENTIFIER = "com.jillallan.Countdown-Bear-New";
				PRODUCT_NAME = "$(TARGET_NAME)";
				SDKROOT = auto;
				SUPPORTED_PLATFORMS = "iphoneos iphonesimulator macosx";
				SWIFT_EMIT_LOC_STRINGS = YES;
				SWIFT_VERSION = 5.0;
				TARGETED_DEVICE_FAMILY = "1,2";
			};
			name = Release;
		};
		784BFE382AE991FA00CD8E9C /* Debug */ = {
			isa = XCBuildConfiguration;
			buildSettings = {
				ALWAYS_EMBED_SWIFT_STANDARD_LIBRARIES = YES;
				BUNDLE_LOADER = "$(TEST_HOST)";
				CODE_SIGN_STYLE = Automatic;
				CURRENT_PROJECT_VERSION = 1;
				DEVELOPMENT_TEAM = UJT6W9JA72;
				GENERATE_INFOPLIST_FILE = YES;
				IPHONEOS_DEPLOYMENT_TARGET = 17.0;
				MACOSX_DEPLOYMENT_TARGET = 14.0;
				MARKETING_VERSION = 1.0;
				PRODUCT_BUNDLE_IDENTIFIER = "com.jillallan.Countdown-BearTests";
				PRODUCT_NAME = "$(TARGET_NAME)";
				SDKROOT = auto;
				SUPPORTED_PLATFORMS = "iphoneos iphonesimulator macosx";
				SWIFT_EMIT_LOC_STRINGS = NO;
				SWIFT_VERSION = 5.0;
				TARGETED_DEVICE_FAMILY = "1,2";
				TEST_HOST = "$(BUILT_PRODUCTS_DIR)/Countdown Bear New.app/$(BUNDLE_EXECUTABLE_FOLDER_PATH)/Countdown Bear New";
			};
			name = Debug;
		};
		784BFE392AE991FA00CD8E9C /* Release */ = {
			isa = XCBuildConfiguration;
			buildSettings = {
				ALWAYS_EMBED_SWIFT_STANDARD_LIBRARIES = YES;
				BUNDLE_LOADER = "$(TEST_HOST)";
				CODE_SIGN_STYLE = Automatic;
				CURRENT_PROJECT_VERSION = 1;
				DEVELOPMENT_TEAM = UJT6W9JA72;
				GENERATE_INFOPLIST_FILE = YES;
				IPHONEOS_DEPLOYMENT_TARGET = 17.0;
				MACOSX_DEPLOYMENT_TARGET = 14.0;
				MARKETING_VERSION = 1.0;
				PRODUCT_BUNDLE_IDENTIFIER = "com.jillallan.Countdown-BearTests";
				PRODUCT_NAME = "$(TARGET_NAME)";
				SDKROOT = auto;
				SUPPORTED_PLATFORMS = "iphoneos iphonesimulator macosx";
				SWIFT_EMIT_LOC_STRINGS = NO;
				SWIFT_VERSION = 5.0;
				TARGETED_DEVICE_FAMILY = "1,2";
				TEST_HOST = "$(BUILT_PRODUCTS_DIR)/Countdown Bear New.app/$(BUNDLE_EXECUTABLE_FOLDER_PATH)/Countdown Bear New";
			};
			name = Release;
		};
		784BFE3B2AE991FA00CD8E9C /* Debug */ = {
			isa = XCBuildConfiguration;
			buildSettings = {
				ALWAYS_EMBED_SWIFT_STANDARD_LIBRARIES = YES;
				CODE_SIGN_STYLE = Automatic;
				CURRENT_PROJECT_VERSION = 1;
				DEVELOPMENT_TEAM = UJT6W9JA72;
				GENERATE_INFOPLIST_FILE = YES;
				IPHONEOS_DEPLOYMENT_TARGET = 17.0;
				MACOSX_DEPLOYMENT_TARGET = 14.0;
				MARKETING_VERSION = 1.0;
				PRODUCT_BUNDLE_IDENTIFIER = "com.jillallan.Countdown-BearUITests";
				PRODUCT_NAME = "$(TARGET_NAME)";
				PROVISIONING_PROFILE = "";
				SDKROOT = auto;
				SUPPORTED_PLATFORMS = "iphoneos iphonesimulator macosx";
				SWIFT_EMIT_LOC_STRINGS = NO;
				SWIFT_VERSION = 5.0;
				TARGETED_DEVICE_FAMILY = "1,2";
				TEST_TARGET_NAME = "Countdown Bear New";
			};
			name = Debug;
		};
		784BFE3C2AE991FA00CD8E9C /* Release */ = {
			isa = XCBuildConfiguration;
			buildSettings = {
				ALWAYS_EMBED_SWIFT_STANDARD_LIBRARIES = YES;
				CODE_SIGN_STYLE = Automatic;
				CURRENT_PROJECT_VERSION = 1;
				DEVELOPMENT_TEAM = UJT6W9JA72;
				GENERATE_INFOPLIST_FILE = YES;
				IPHONEOS_DEPLOYMENT_TARGET = 17.0;
				MACOSX_DEPLOYMENT_TARGET = 14.0;
				MARKETING_VERSION = 1.0;
				PRODUCT_BUNDLE_IDENTIFIER = "com.jillallan.Countdown-BearUITests";
				PRODUCT_NAME = "$(TARGET_NAME)";
				PROVISIONING_PROFILE = "";
				SDKROOT = auto;
				SUPPORTED_PLATFORMS = "iphoneos iphonesimulator macosx";
				SWIFT_EMIT_LOC_STRINGS = NO;
				SWIFT_VERSION = 5.0;
				TARGETED_DEVICE_FAMILY = "1,2";
				TEST_TARGET_NAME = "Countdown Bear New";
			};
			name = Release;
		};
/* End XCBuildConfiguration section */

/* Begin XCConfigurationList section */
		784BFE072AE991F800CD8E9C /* Build configuration list for PBXProject "Countdown Bear New" */ = {
			isa = XCConfigurationList;
			buildConfigurations = (
				784BFE322AE991FA00CD8E9C /* Debug */,
				784BFE332AE991FA00CD8E9C /* Release */,
			);
			defaultConfigurationIsVisible = 0;
			defaultConfigurationName = Release;
		};
		784BFE342AE991FA00CD8E9C /* Build configuration list for PBXNativeTarget "Countdown Bear New" */ = {
			isa = XCConfigurationList;
			buildConfigurations = (
				784BFE352AE991FA00CD8E9C /* Debug */,
				784BFE362AE991FA00CD8E9C /* Release */,
			);
			defaultConfigurationIsVisible = 0;
			defaultConfigurationName = Release;
		};
		784BFE372AE991FA00CD8E9C /* Build configuration list for PBXNativeTarget "Countdown Bear NewTests" */ = {
			isa = XCConfigurationList;
			buildConfigurations = (
				784BFE382AE991FA00CD8E9C /* Debug */,
				784BFE392AE991FA00CD8E9C /* Release */,
			);
			defaultConfigurationIsVisible = 0;
			defaultConfigurationName = Release;
		};
		784BFE3A2AE991FA00CD8E9C /* Build configuration list for PBXNativeTarget "Countdown Bear NewUITests" */ = {
			isa = XCConfigurationList;
			buildConfigurations = (
				784BFE3B2AE991FA00CD8E9C /* Debug */,
				784BFE3C2AE991FA00CD8E9C /* Release */,
			);
			defaultConfigurationIsVisible = 0;
			defaultConfigurationName = Release;
		};
/* End XCConfigurationList section */
	};
	rootObject = 784BFE042AE991F800CD8E9C /* Project object */;
}
